# This file is automatically generated by cargo-component.
# It is not intended for manual editing.
version = 1

[[package]]
name = "colinrozzi-wit:chat-state"

[[package.version]]
requirement = "^0.1.0"
version = "0.1.0"
digest = "sha256:b8699fddd3402bf2146fd48303a07ed9447c8737e033041c12fa597631515709"
