# This file is automatically generated by cargo-component.
# It is not intended for manual editing.
version = 1

[[package]]
name = "colinrozzi-wit:chat-state"

[[package.version]]
requirement = "^0.0.1"
version = "0.0.1"
digest = "sha256:94dfd2659280c485c9cf641ef50b434f90a639c9640f9812181ba448c98bc2e5"
