# This file is automatically generated by cargo-component.
# It is not intended for manual editing.
version = 1

[[package]]
name = "colinrozzi-wit:commit-actor"

[[package.version]]
requirement = "^0.0.1"
version = "0.0.1"
digest = "sha256:f62a457196796ddf4053f2c6708f3f9671a58f473c076ded10513ba1c2b22ccd"
